
Microsoft Visual Studio Solution File, Format Version 12.00
# Visual Studio Version 17
VisualStudioVersion = 17.3.32929.385
MinimumVisualStudioVersion = 10.0.40219.1
Project("{9A19103F-16F7-4668-BE54-9A1E7A4F7556}") = "wypozyczalniaDAL", "wypozyczalniaDAL\wypozyczalniaDAL.csproj", "{9DCC8C8C-A2FB-43DB-AE6B-B294C471C806}"
EndProject
Project("{9A19103F-16F7-4668-BE54-9A1E7A4F7556}") = "MovieRental", "MovieRental\MovieRental.csproj", "{411C24C8-CC14-446D-A1A8-9639F64D4017}"
EndProject
Project("{9A19103F-16F7-4668-BE54-9A1E7A4F7556}") = "MovieRentalBLL", "MovieRentalBLL\MovieRentalBLL.csproj", "{D7A4EAC9-3C70-4064-BEBD-137EEEE96D21}"
	ProjectSection(ProjectDependencies) = postProject
		{411C24C8-CC14-446D-A1A8-9639F64D4017} = {411C24C8-CC14-446D-A1A8-9639F64D4017}
		{9DCC8C8C-A2FB-43DB-AE6B-B294C471C806} = {9DCC8C8C-A2FB-43DB-AE6B-B294C471C806}
	EndProjectSection
EndProject
Project("{9A19103F-16F7-4668-BE54-9A1E7A4F7556}") = "TestBLL", "TestBLL\TestBLL.csproj", "{9E098A49-6847-4BC1-9340-EF8586A58993}"
	ProjectSection(ProjectDependencies) = postProject
		{9DCC8C8C-A2FB-43DB-AE6B-B294C471C806} = {9DCC8C8C-A2FB-43DB-AE6B-B294C471C806}
		{D7A4EAC9-3C70-4064-BEBD-137EEEE96D21} = {D7A4EAC9-3C70-4064-BEBD-137EEEE96D21}
	EndProjectSection
EndProject
Project("{9A19103F-16F7-4668-BE54-9A1E7A4F7556}") = "TestProjectBLL", "TestProjectBLL\TestProjectBLL.csproj", "{35459435-D517-47FF-95EE-D52F82ABC87A}"
EndProject
Project("{FAE04EC0-301F-11D3-BF4B-00C04F79EFBC}") = "TestProjectBLLL", "TestProjectBLLL\TestProjectBLLL.csproj", "{00DD231A-A137-40CF-B386-7ACE945CF43A}"
EndProject
Global
	GlobalSection(SolutionConfigurationPlatforms) = preSolution
		Debug|Any CPU = Debug|Any CPU
		Release|Any CPU = Release|Any CPU
	EndGlobalSection
	GlobalSection(ProjectConfigurationPlatforms) = postSolution
		{9DCC8C8C-A2FB-43DB-AE6B-B294C471C806}.Debug|Any CPU.ActiveCfg = Debug|Any CPU
		{9DCC8C8C-A2FB-43DB-AE6B-B294C471C806}.Debug|Any CPU.Build.0 = Debug|Any CPU
		{9DCC8C8C-A2FB-43DB-AE6B-B294C471C806}.Release|Any CPU.ActiveCfg = Release|Any CPU
		{9DCC8C8C-A2FB-43DB-AE6B-B294C471C806}.Release|Any CPU.Build.0 = Release|Any CPU
		{411C24C8-CC14-446D-A1A8-9639F64D4017}.Debug|Any CPU.ActiveCfg = Debug|Any CPU
		{411C24C8-CC14-446D-A1A8-9639F64D4017}.Debug|Any CPU.Build.0 = Debug|Any CPU
		{411C24C8-CC14-446D-A1A8-9639F64D4017}.Release|Any CPU.ActiveCfg = Release|Any CPU
		{411C24C8-CC14-446D-A1A8-9639F64D4017}.Release|Any CPU.Build.0 = Release|Any CPU
		{D7A4EAC9-3C70-4064-BEBD-137EEEE96D21}.Debug|Any CPU.ActiveCfg = Debug|Any CPU
		{D7A4EAC9-3C70-4064-BEBD-137EEEE96D21}.Debug|Any CPU.Build.0 = Debug|Any CPU
		{D7A4EAC9-3C70-4064-BEBD-137EEEE96D21}.Release|Any CPU.ActiveCfg = Release|Any CPU
		{D7A4EAC9-3C70-4064-BEBD-137EEEE96D21}.Release|Any CPU.Build.0 = Release|Any CPU
		{9E098A49-6847-4BC1-9340-EF8586A58993}.Debug|Any CPU.ActiveCfg = Debug|Any CPU
		{9E098A49-6847-4BC1-9340-EF8586A58993}.Debug|Any CPU.Build.0 = Debug|Any CPU
		{9E098A49-6847-4BC1-9340-EF8586A58993}.Release|Any CPU.ActiveCfg = Release|Any CPU
		{9E098A49-6847-4BC1-9340-EF8586A58993}.Release|Any CPU.Build.0 = Release|Any CPU
		{35459435-D517-47FF-95EE-D52F82ABC87A}.Debug|Any CPU.ActiveCfg = Debug|Any CPU
		{35459435-D517-47FF-95EE-D52F82ABC87A}.Debug|Any CPU.Build.0 = Debug|Any CPU
		{35459435-D517-47FF-95EE-D52F82ABC87A}.Release|Any CPU.ActiveCfg = Release|Any CPU
		{35459435-D517-47FF-95EE-D52F82ABC87A}.Release|Any CPU.Build.0 = Release|Any CPU
		{00DD231A-A137-40CF-B386-7ACE945CF43A}.Debug|Any CPU.ActiveCfg = Debug|Any CPU
		{00DD231A-A137-40CF-B386-7ACE945CF43A}.Debug|Any CPU.Build.0 = Debug|Any CPU
		{00DD231A-A137-40CF-B386-7ACE945CF43A}.Release|Any CPU.ActiveCfg = Release|Any CPU
		{00DD231A-A137-40CF-B386-7ACE945CF43A}.Release|Any CPU.Build.0 = Release|Any CPU
	EndGlobalSection
	GlobalSection(SolutionProperties) = preSolution
		HideSolutionNode = FALSE
	EndGlobalSection
	GlobalSection(ExtensibilityGlobals) = postSolution
		SolutionGuid = {7CF743C5-18A7-46BE-A515-60B85DE8BDBE}
	EndGlobalSection
EndGlobal
